<?xml version="1.0" encoding="utf-8"?>
<Project ToolsVersion="4.0" xmlns="http://schemas.microsoft.com/developer/msbuild/2003">
  <ItemGroup>
    <Filter Include="源文件">
      <UniqueIdentifier>{4FC737F1-C7A5-4376-A066-2A32D752A2FF}</UniqueIdentifier>
      <Extensions>cpp;c;cc;cxx;def;odl;idl;hpj;bat;asm;asmx</Extensions>
    </Filter>
    <Filter Include="头文件">
      <UniqueIdentifier>{93995380-89BD-4b04-88EB-625FBE52EBFB}</UniqueIdentifier>
      <Extensions>h;hh;hpp;hxx;hm;inl;inc;xsd</Extensions>
    </Filter>
    <Filter Include="资源文件">
      <UniqueIdentifier>{67DA6AB6-F800-4c08-8B7A-83BB121AAD01}</UniqueIdentifier>
      <Extensions>rc;ico;cur;bmp;dlg;rc2;rct;bin;rgs;gif;jpg;jpeg;jpe;resx;tiff;tif;png;wav;mfcribbon-ms</Extensions>
    </Filter>
  </ItemGroup>
  <ItemGroup>
    <Text Include="ReadMe.txt" />
  </ItemGroup>
  <ItemGroup>
    <ClCompile Include="augmented_unscented_kalman.cpp">
      <Filter>源文件</Filter>
    </ClCompile>
    <ClCompile Include="dllmain.cpp">
      <Filter>源文件</Filter>
    </ClCompile>
    <ClCompile Include="feature.cpp">
      <Filter>源文件</Filter>
    </ClCompile>
    <ClCompile Include="featureColorName.cpp">
      <Filter>源文件</Filter>
    </ClCompile>
    <ClCompile Include="multiTracker.cpp">
      <Filter>源文件</Filter>
    </ClCompile>
    <ClCompile Include="multiTracker_alt.cpp">
      <Filter>源文件</Filter>
    </ClCompile>
    <ClCompile Include="onlineBoosting.cpp">
      <Filter>源文件</Filter>
    </ClCompile>
    <ClCompile Include="onlineMIL.cpp">
      <Filter>源文件</Filter>
    </ClCompile>
    <ClCompile Include="opencv_tracking.cpp">
      <Filter>源文件</Filter>
    </ClCompile>
    <ClCompile Include="roiSelector.cpp">
      <Filter>源文件</Filter>
    </ClCompile>
    <ClCompile Include="stdafx.cpp">
      <Filter>源文件</Filter>
    </ClCompile>
    <ClCompile Include="tldDataset.cpp">
      <Filter>源文件</Filter>
    </ClCompile>
    <ClCompile Include="tldDetector.cpp">
      <Filter>源文件</Filter>
    </ClCompile>
    <ClCompile Include="tldEnsembleClassifier.cpp">
      <Filter>源文件</Filter>
    </ClCompile>
    <ClCompile Include="tldModel.cpp">
      <Filter>源文件</Filter>
    </ClCompile>
    <ClCompile Include="tldTracker.cpp">
      <Filter>源文件</Filter>
    </ClCompile>
    <ClCompile Include="tldUtils.cpp">
      <Filter>源文件</Filter>
    </ClCompile>
    <ClCompile Include="tracker.cpp">
      <Filter>源文件</Filter>
    </ClCompile>
    <ClCompile Include="trackerBoosting.cpp">
      <Filter>源文件</Filter>
    </ClCompile>
    <ClCompile Include="trackerBoostingModel.cpp">
      <Filter>源文件</Filter>
    </ClCompile>
    <ClCompile Include="trackerFeature.cpp">
      <Filter>源文件</Filter>
    </ClCompile>
    <ClCompile Include="trackerFeatureSet.cpp">
      <Filter>源文件</Filter>
    </ClCompile>
    <ClCompile Include="trackerKCF.cpp">
      <Filter>源文件</Filter>
    </ClCompile>
    <ClCompile Include="trackerMedianFlow.cpp">
      <Filter>源文件</Filter>
    </ClCompile>
    <ClCompile Include="trackerMIL.cpp">
      <Filter>源文件</Filter>
    </ClCompile>
    <ClCompile Include="trackerMILModel.cpp">
      <Filter>源文件</Filter>
    </ClCompile>
    <ClCompile Include="trackerModel.cpp">
      <Filter>源文件</Filter>
    </ClCompile>
    <ClCompile Include="trackerSampler.cpp">
      <Filter>源文件</Filter>
    </ClCompile>
    <ClCompile Include="trackerSamplerAlgorithm.cpp">
      <Filter>源文件</Filter>
    </ClCompile>
    <ClCompile Include="trackerStateEstimator.cpp">
      <Filter>源文件</Filter>
    </ClCompile>
    <ClCompile Include="unscented_kalman.cpp">
      <Filter>源文件</Filter>
    </ClCompile>
    <ClCompile Include="reid_persondetection.cpp">
      <Filter>头文件</Filter>
    </ClCompile>
  </ItemGroup>
  <ItemGroup>
    <ClInclude Include="multiTracker.hpp">
      <Filter>头文件</Filter>
    </ClInclude>
    <ClInclude Include="PFSolver.hpp">
      <Filter>头文件</Filter>
    </ClInclude>
    <ClInclude Include="precomp.hpp">
      <Filter>头文件</Filter>
    </ClInclude>
    <ClInclude Include="stdafx.h">
      <Filter>头文件</Filter>
    </ClInclude>
    <ClInclude Include="targetver.h">
      <Filter>头文件</Filter>
    </ClInclude>
    <ClInclude Include="tldDetector.hpp">
      <Filter>头文件</Filter>
    </ClInclude>
    <ClInclude Include="tldEnsembleClassifier.hpp">
      <Filter>头文件</Filter>
    </ClInclude>
    <ClInclude Include="tldModel.hpp">
      <Filter>头文件</Filter>
    </ClInclude>
    <ClInclude Include="tldTracker.hpp">
      <Filter>头文件</Filter>
    </ClInclude>
    <ClInclude Include="tldUtils.hpp">
      <Filter>头文件</Filter>
    </ClInclude>
    <ClInclude Include="trackerBoostingModel.hpp">
      <Filter>头文件</Filter>
    </ClInclude>
    <ClInclude Include="TrackingFunctionPF.hpp">
      <Filter>头文件</Filter>
    </ClInclude>
    <ClInclude Include="trackerMILModel.hpp">
      <Filter>头文件</Filter>
    </ClInclude>
    <ClInclude Include="reid_persondetection.h">
      <Filter>头文件</Filter>
    </ClInclude>
  </ItemGroup>
  <ItemGroup>
    <None Include="Source.def">
      <Filter>源文件</Filter>
    </None>
  </ItemGroup>
</Project>